// !$*UTF8*$!
{
	archiveVersion = 1;
	classes = {
	};
	objectVersion = 46;
	objects = {

/* Begin PBXBuildFile section */
		B301A39020BCC1CF00AF3378 /* twitter.json in Resources */ = {isa = PBXBuildFile; fileRef = B301A38F20BCC1CE00AF3378 /* twitter.json */; };
		B30A194620AD37A00073CFB8 /* citm_catalog.json in Resources */ = {isa = PBXBuildFile; fileRef = B30A194520AD37A00073CFB8 /* citm_catalog.json */; };
		B31402762189129A004200D3 /* framez.framework in Frameworks */ = {isa = PBXBuildFile; fileRef = B31402752189129A004200D3 /* framez.framework */; };
		B31402772189129A004200D3 /* framez.framework in Embed Libraries */ = {isa = PBXBuildFile; fileRef = B31402752189129A004200D3 /* framez.framework */; settings = {ATTRIBUTES = (CodeSignOnCopy, RemoveHeadersOnCopy, ); }; };
		B32879F31E8E1625007E49B7 /* FFODateFormatter.m in Sources */ = {isa = PBXBuildFile; fileRef = B32879F21E8E1625007E49B7 /* FFODateFormatter.m */; };
		B3405E7C2139DCA700F8723A /* constructo.c in Sources */ = {isa = PBXBuildFile; fileRef = B3405E7B2139DCA600F8723A /* constructo.c */; };
		B38586DB1EEE46BD00496750 /* NSArrayFFOMethods.m in Sources */ = {isa = PBXBuildFile; fileRef = B38586DA1EEE46BD00496750 /* NSArrayFFOMethods.m */; };
		B38586DE1EEE48BA00496750 /* pcg_basic.c in Sources */ = {isa = PBXBuildFile; fileRef = B38586DC1EEE48BA00496750 /* pcg_basic.c */; };
		B389A6CA2195E7AB00407428 /* procInfo2.h in Resources */ = {isa = PBXBuildFile; fileRef = B389A6C92195E7AB00407428 /* procInfo2.h */; };
		B389A6CD2195E88C00407428 /* libprocInfo.a in Frameworks */ = {isa = PBXBuildFile; fileRef = B389A6CB2195E7B500407428 /* libprocInfo.a */; };
		B389A6D82195E8DC00407428 /* ProcessMonitor.m in Sources */ = {isa = PBXBuildFile; fileRef = B389A6D02195E8DB00407428 /* ProcessMonitor.m */; };
		B389A6D92195E8DC00407428 /* Binary.m in Sources */ = {isa = PBXBuildFile; fileRef = B389A6D22195E8DB00407428 /* Binary.m */; };
		B389A6DA2195E8DC00407428 /* Signing.m in Sources */ = {isa = PBXBuildFile; fileRef = B389A6D42195E8DB00407428 /* Signing.m */; };
		B389A6DB2195E8DC00407428 /* Utilities.m in Sources */ = {isa = PBXBuildFile; fileRef = B389A6D52195E8DB00407428 /* Utilities.m */; };
		B389A6DC2195E8DC00407428 /* Process.m in Sources */ = {isa = PBXBuildFile; fileRef = B389A6D72195E8DC00407428 /* Process.m */; };
		B38C42111E8E001700033ACD /* main.m in Sources */ = {isa = PBXBuildFile; fileRef = B38C42101E8E001700033ACD /* main.m */; };
		B38C42141E8E001700033ACD /* FFOAppDelegate.m in Sources */ = {isa = PBXBuildFile; fileRef = B38C42131E8E001700033ACD /* FFOAppDelegate.m */; };
		B38C42171E8E001700033ACD /* FFOViewController.mm in Sources */ = {isa = PBXBuildFile; fileRef = B38C42161E8E001700033ACD /* FFOViewController.mm */; };
		B38C421C1E8E001700033ACD /* Assets.xcassets in Resources */ = {isa = PBXBuildFile; fileRef = B38C421B1E8E001700033ACD /* Assets.xcassets */; };
		B38C42291E8E025200033ACD /* Launch.xib in Resources */ = {isa = PBXBuildFile; fileRef = B38C42281E8E025200033ACD /* Launch.xib */; };
		B3B954F22135D4D3001B5B93 /* FFOThreadLocalMemory.m in Sources */ = {isa = PBXBuildFile; fileRef = B3B954F12135D4D3001B5B93 /* FFOThreadLocalMemory.m */; };
		B3B954F721363608001B5B93 /* FFOJemallocAllocator.mm in Sources */ = {isa = PBXBuildFile; fileRef = B3B954F621363608001B5B93 /* FFOJemallocAllocator.mm */; };
		B3C0BBA520B5F063006CCEF3 /* ConvertUTF.c in Sources */ = {isa = PBXBuildFile; fileRef = B3C0BBA420B5F062006CCEF3 /* ConvertUTF.c */; };
		B3CF25F520B6486300C1A65E /* j1.json in Resources */ = {isa = PBXBuildFile; fileRef = B3CF25F420B6486200C1A65E /* j1.json */; };
		B3CF25F720B6486800C1A65E /* j2.json in Resources */ = {isa = PBXBuildFile; fileRef = B3CF25F620B6486800C1A65E /* j2.json */; };
		B3D753B9208946A90090C3E2 /* NSString+FFOMethods.m in Sources */ = {isa = PBXBuildFile; fileRef = B38C422B1E8E029100033ACD /* NSString+FFOMethods.m */; };
		B3F73C41207C383300E11E2D /* fishhook.c in Sources */ = {isa = PBXBuildFile; fileRef = B3F73C40207C383300E11E2D /* fishhook.c */; };
/* End PBXBuildFile section */

/* Begin PBXCopyFilesBuildPhase section */
		B3969499218252AC008FB636 /* Embed Libraries */ = {
			isa = PBXCopyFilesBuildPhase;
			buildActionMask = 2147483647;
			dstPath = "";
			dstSubfolderSpec = 10;
			files = (
				B31402772189129A004200D3 /* framez.framework in Embed Libraries */,
			);
			name = "Embed Libraries";
			runOnlyForDeploymentPostprocessing = 0;
		};
/* End PBXCopyFilesBuildPhase section */

/* Begin PBXFileReference section */
		B301A38D20B8BD7700AF3378 /* FFOEnvironment.h */ = {isa = PBXFileReference; lastKnownFileType = sourcecode.c.h; path = FFOEnvironment.h; sourceTree = "<group>"; };
		B301A38E20B8CB0700AF3378 /* FFONumberParser.h */ = {isa = PBXFileReference; lastKnownFileType = sourcecode.c.h; path = FFONumberParser.h; sourceTree = "<group>"; };
		B301A38F20BCC1CE00AF3378 /* twitter.json */ = {isa = PBXFileReference; fileEncoding = 4; lastKnownFileType = text.json; path = twitter.json; sourceTree = SOURCE_ROOT; };
		B30A194520AD37A00073CFB8 /* citm_catalog.json */ = {isa = PBXFileReference; fileEncoding = 4; lastKnownFileType = text.json; path = citm_catalog.json; sourceTree = SOURCE_ROOT; };
		B314023A2188B32A004200D3 /* libproc.h */ = {isa = PBXFileReference; lastKnownFileType = sourcecode.c.h; path = libproc.h; sourceTree = "<group>"; };
		B314023B2188B539004200D3 /* proc_info.h */ = {isa = PBXFileReference; lastKnownFileType = sourcecode.c.h; path = proc_info.h; sourceTree = "<group>"; };
		B314023C2188B5A2004200D3 /* kern_control.h */ = {isa = PBXFileReference; lastKnownFileType = sourcecode.c.h; path = kern_control.h; sourceTree = "<group>"; };
		B314023D2188B5D1004200D3 /* route.h */ = {isa = PBXFileReference; lastKnownFileType = sourcecode.c.h; name = route.h; path = ../../../../../../Applications/Contents/Developer/Platforms/MacOSX.platform/Developer/SDKs/MacOSX.sdk/usr/include/net/route.h; sourceTree = "<group>"; };
		B31402752189129A004200D3 /* framez.framework */ = {isa = PBXFileReference; explicitFileType = wrapper.framework; path = framez.framework; sourceTree = BUILT_PRODUCTS_DIR; };
		B3178BCC20B64C9400E3076A /* FFORapidJsonTester.cpp */ = {isa = PBXFileReference; lastKnownFileType = sourcecode.cpp.cpp; path = FFORapidJsonTester.cpp; sourceTree = "<group>"; };
		B3178BCE20B64EE500E3076A /* FFOJsonTestTypes.h */ = {isa = PBXFileReference; lastKnownFileType = sourcecode.c.h; path = FFOJsonTestTypes.h; sourceTree = "<group>"; };
		B32126AD213ECDB2007929FA /* libicuXcode.a */ = {isa = PBXFileReference; explicitFileType = archive.ar; path = libicuXcode.a; sourceTree = BUILT_PRODUCTS_DIR; };
		B32879F11E8E1625007E49B7 /* FFODateFormatter.h */ = {isa = PBXFileReference; fileEncoding = 4; lastKnownFileType = sourcecode.c.h; path = FFODateFormatter.h; sourceTree = "<group>"; };
		B32879F21E8E1625007E49B7 /* FFODateFormatter.m */ = {isa = PBXFileReference; fileEncoding = 4; lastKnownFileType = sourcecode.c.objc; path = FFODateFormatter.m; sourceTree = "<group>"; };
		B3405E7B2139DCA600F8723A /* constructo.c */ = {isa = PBXFileReference; lastKnownFileType = sourcecode.c.c; path = constructo.c; sourceTree = "<group>"; };
		B3486AAD20AE640000C7291B /* FastFoundation.profdata */ = {isa = PBXFileReference; lastKnownFileType = file; path = FastFoundation.profdata; sourceTree = "<group>"; };
		B38586D91EEE46BD00496750 /* NSArrayFFOMethods.h */ = {isa = PBXFileReference; fileEncoding = 4; lastKnownFileType = sourcecode.c.h; path = NSArrayFFOMethods.h; sourceTree = "<group>"; };
		B38586DA1EEE46BD00496750 /* NSArrayFFOMethods.m */ = {isa = PBXFileReference; fileEncoding = 4; lastKnownFileType = sourcecode.c.objc; path = NSArrayFFOMethods.m; sourceTree = "<group>"; };
		B38586DC1EEE48BA00496750 /* pcg_basic.c */ = {isa = PBXFileReference; fileEncoding = 4; lastKnownFileType = sourcecode.c.c; path = pcg_basic.c; sourceTree = "<group>"; };
		B38586DD1EEE48BA00496750 /* pcg_basic.h */ = {isa = PBXFileReference; fileEncoding = 4; lastKnownFileType = sourcecode.c.h; path = pcg_basic.h; sourceTree = "<group>"; };
		B389A6C92195E7AB00407428 /* procInfo2.h */ = {isa = PBXFileReference; fileEncoding = 4; lastKnownFileType = sourcecode.c.h; path = procInfo2.h; sourceTree = "<group>"; };
		B389A6CB2195E7B500407428 /* libprocInfo.a */ = {isa = PBXFileReference; lastKnownFileType = archive.ar; path = libprocInfo.a; sourceTree = "<group>"; };
		B389A6CF2195E8DB00407428 /* Signing.h */ = {isa = PBXFileReference; fileEncoding = 4; lastKnownFileType = sourcecode.c.h; path = Signing.h; sourceTree = "<group>"; };
		B389A6D02195E8DB00407428 /* ProcessMonitor.m */ = {isa = PBXFileReference; fileEncoding = 4; lastKnownFileType = sourcecode.c.objc; path = ProcessMonitor.m; sourceTree = "<group>"; };
		B389A6D12195E8DB00407428 /* Consts.h */ = {isa = PBXFileReference; fileEncoding = 4; lastKnownFileType = sourcecode.c.h; path = Consts.h; sourceTree = "<group>"; };
		B389A6D22195E8DB00407428 /* Binary.m */ = {isa = PBXFileReference; fileEncoding = 4; lastKnownFileType = sourcecode.c.objc; path = Binary.m; sourceTree = "<group>"; };
		B389A6D42195E8DB00407428 /* Signing.m */ = {isa = PBXFileReference; fileEncoding = 4; lastKnownFileType = sourcecode.c.objc; path = Signing.m; sourceTree = "<group>"; };
		B389A6D52195E8DB00407428 /* Utilities.m */ = {isa = PBXFileReference; fileEncoding = 4; lastKnownFileType = sourcecode.c.objc; path = Utilities.m; sourceTree = "<group>"; };
		B389A6D62195E8DB00407428 /* Utilities.h */ = {isa = PBXFileReference; fileEncoding = 4; lastKnownFileType = sourcecode.c.h; path = Utilities.h; sourceTree = "<group>"; };
		B389A6D72195E8DC00407428 /* Process.m */ = {isa = PBXFileReference; fileEncoding = 4; lastKnownFileType = sourcecode.c.objc; path = Process.m; sourceTree = "<group>"; };
		B389A6DD2195E94100407428 /* libbsm2.h */ = {isa = PBXFileReference; lastKnownFileType = sourcecode.c.h; path = libbsm2.h; sourceTree = "<group>"; };
		B38C01F520B65183002D4613 /* FFOJsonTester.m */ = {isa = PBXFileReference; lastKnownFileType = sourcecode.c.objc; path = FFOJsonTester.m; sourceTree = "<group>"; };
		B38C01F720B651B7002D4613 /* FFOJsonParser.h */ = {isa = PBXFileReference; lastKnownFileType = sourcecode.c.h; path = FFOJsonParser.h; sourceTree = "<group>"; };
		B38C01F820B651B7002D4613 /* FFOJsonParser.m */ = {isa = PBXFileReference; lastKnownFileType = sourcecode.c.objc; path = FFOJsonParser.m; sourceTree = "<group>"; };
		B38C01FA20B65275002D4613 /* FFOJsonTester.h */ = {isa = PBXFileReference; lastKnownFileType = sourcecode.c.h; path = FFOJsonTester.h; sourceTree = "<group>"; };
		B38C420C1E8E001700033ACD /* FastFoundation.app */ = {isa = PBXFileReference; explicitFileType = wrapper.application; includeInIndex = 0; path = FastFoundation.app; sourceTree = BUILT_PRODUCTS_DIR; };
		B38C42101E8E001700033ACD /* main.m */ = {isa = PBXFileReference; lastKnownFileType = sourcecode.c.objc; path = main.m; sourceTree = "<group>"; };
		B38C42121E8E001700033ACD /* FFOAppDelegate.h */ = {isa = PBXFileReference; lastKnownFileType = sourcecode.c.h; path = FFOAppDelegate.h; sourceTree = "<group>"; };
		B38C42131E8E001700033ACD /* FFOAppDelegate.m */ = {isa = PBXFileReference; lastKnownFileType = sourcecode.c.objc; path = FFOAppDelegate.m; sourceTree = "<group>"; };
		B38C42151E8E001700033ACD /* FFOViewController.h */ = {isa = PBXFileReference; lastKnownFileType = sourcecode.c.h; path = FFOViewController.h; sourceTree = "<group>"; };
		B38C42161E8E001700033ACD /* FFOViewController.mm */ = {isa = PBXFileReference; lastKnownFileType = sourcecode.cpp.objcpp; path = FFOViewController.mm; sourceTree = "<group>"; };
		B38C421B1E8E001700033ACD /* Assets.xcassets */ = {isa = PBXFileReference; lastKnownFileType = folder.assetcatalog; path = Assets.xcassets; sourceTree = "<group>"; };
		B38C42201E8E001700033ACD /* Info.plist */ = {isa = PBXFileReference; lastKnownFileType = text.plist.xml; path = Info.plist; sourceTree = "<group>"; };
		B38C42281E8E025200033ACD /* Launch.xib */ = {isa = PBXFileReference; fileEncoding = 4; lastKnownFileType = file.xib; path = Launch.xib; sourceTree = "<group>"; };
		B38C422A1E8E029100033ACD /* NSString+FFOMethods.h */ = {isa = PBXFileReference; fileEncoding = 4; lastKnownFileType = sourcecode.c.h; path = "NSString+FFOMethods.h"; sourceTree = "<group>"; };
		B38C422B1E8E029100033ACD /* NSString+FFOMethods.m */ = {isa = PBXFileReference; fileEncoding = 4; lastKnownFileType = sourcecode.c.objc; path = "NSString+FFOMethods.m"; sourceTree = "<group>"; };
		B3AF43D0217F5C74002DF023 /* libjemalloc_pic.a */ = {isa = PBXFileReference; lastKnownFileType = archive.ar; path = libjemalloc_pic.a; sourceTree = SOURCE_ROOT; };
		B3B954D62135AAE9001B5B93 /* rusty.a */ = {isa = PBXFileReference; lastKnownFileType = archive.ar; name = rusty.a; path = rusty/rusty.a; sourceTree = SOURCE_ROOT; };
		B3B954EF2135CE7F001B5B93 /* jemalloc.h */ = {isa = PBXFileReference; lastKnownFileType = sourcecode.c.h; path = jemalloc.h; sourceTree = "<group>"; };
		B3B954F02135D4D3001B5B93 /* FFOThreadLocalMemory.h */ = {isa = PBXFileReference; lastKnownFileType = sourcecode.c.h; path = FFOThreadLocalMemory.h; sourceTree = "<group>"; };
		B3B954F12135D4D3001B5B93 /* FFOThreadLocalMemory.m */ = {isa = PBXFileReference; lastKnownFileType = sourcecode.c.objc; path = FFOThreadLocalMemory.m; sourceTree = "<group>"; };
		B3B954F32135F24D001B5B93 /* libicucore.tbd */ = {isa = PBXFileReference; lastKnownFileType = "sourcecode.text-based-dylib-definition"; name = libicucore.tbd; path = usr/lib/libicucore.tbd; sourceTree = SDKROOT; };
		B3B954F521363608001B5B93 /* FFOJemallocAllocator.h */ = {isa = PBXFileReference; lastKnownFileType = sourcecode.c.h; path = FFOJemallocAllocator.h; sourceTree = "<group>"; };
		B3B954F621363608001B5B93 /* FFOJemallocAllocator.mm */ = {isa = PBXFileReference; lastKnownFileType = sourcecode.cpp.objcpp; path = FFOJemallocAllocator.mm; sourceTree = "<group>"; };
		B3C0BBA220B53607006CCEF3 /* FFOArray.h */ = {isa = PBXFileReference; lastKnownFileType = sourcecode.c.h; path = FFOArray.h; sourceTree = "<group>"; };
		B3C0BBA320B5362F006CCEF3 /* FFODefines.h */ = {isa = PBXFileReference; lastKnownFileType = sourcecode.c.h; path = FFODefines.h; sourceTree = "<group>"; };
		B3C0BBA420B5F062006CCEF3 /* ConvertUTF.c */ = {isa = PBXFileReference; fileEncoding = 4; lastKnownFileType = sourcecode.c.c; path = ConvertUTF.c; sourceTree = "<group>"; };
		B3C0BBA620B5F0A3006CCEF3 /* ConvertUTF.h */ = {isa = PBXFileReference; lastKnownFileType = sourcecode.c.h; path = ConvertUTF.h; sourceTree = "<group>"; };
		B3CF25F320B63DA400C1A65E /* FFOString.h */ = {isa = PBXFileReference; lastKnownFileType = sourcecode.c.h; path = FFOString.h; sourceTree = "<group>"; };
		B3CF25F420B6486200C1A65E /* j1.json */ = {isa = PBXFileReference; fileEncoding = 4; lastKnownFileType = text.json; name = j1.json; path = test_json/j1.json; sourceTree = SOURCE_ROOT; };
		B3CF25F620B6486800C1A65E /* j2.json */ = {isa = PBXFileReference; fileEncoding = 4; lastKnownFileType = text.json; name = j2.json; path = test_json/j2.json; sourceTree = SOURCE_ROOT; };
		B3CF262020B64A1300C1A65E /* FFORapidJsonTester.h */ = {isa = PBXFileReference; lastKnownFileType = sourcecode.c.h; path = FFORapidJsonTester.h; sourceTree = "<group>"; };
		B3CF264A20B64B7000C1A65E /* fwd.h */ = {isa = PBXFileReference; explicitFileType = sourcecode.cpp.h; fileEncoding = 4; path = fwd.h; sourceTree = "<group>"; };
		B3CF264B20B64B7000C1A65E /* memorystream.h */ = {isa = PBXFileReference; explicitFileType = sourcecode.cpp.h; fileEncoding = 4; path = memorystream.h; sourceTree = "<group>"; };
		B3CF264C20B64B7000C1A65E /* reader.h */ = {isa = PBXFileReference; explicitFileType = sourcecode.cpp.h; fileEncoding = 4; path = reader.h; sourceTree = "<group>"; };
		B3CF264D20B64B7000C1A65E /* prettywriter.h */ = {isa = PBXFileReference; explicitFileType = sourcecode.cpp.h; fileEncoding = 4; path = prettywriter.h; sourceTree = "<group>"; };
		B3CF264E20B64B7000C1A65E /* ostreamwrapper.h */ = {isa = PBXFileReference; explicitFileType = sourcecode.cpp.h; fileEncoding = 4; path = ostreamwrapper.h; sourceTree = "<group>"; };
		B3CF264F20B64B7000C1A65E /* encodedstream.h */ = {isa = PBXFileReference; explicitFileType = sourcecode.cpp.h; fileEncoding = 4; path = encodedstream.h; sourceTree = "<group>"; };
		B3CF265020B64B7000C1A65E /* filereadstream.h */ = {isa = PBXFileReference; explicitFileType = sourcecode.cpp.h; fileEncoding = 4; path = filereadstream.h; sourceTree = "<group>"; };
		B3CF265120B64B7000C1A65E /* cursorstreamwrapper.h */ = {isa = PBXFileReference; explicitFileType = sourcecode.cpp.h; fileEncoding = 4; path = cursorstreamwrapper.h; sourceTree = "<group>"; };
		B3CF265220B64B7000C1A65E /* istreamwrapper.h */ = {isa = PBXFileReference; explicitFileType = sourcecode.cpp.h; fileEncoding = 4; path = istreamwrapper.h; sourceTree = "<group>"; };
		B3CF265320B64B7000C1A65E /* stringbuffer.h */ = {isa = PBXFileReference; explicitFileType = sourcecode.cpp.h; fileEncoding = 4; path = stringbuffer.h; sourceTree = "<group>"; };
		B3CF265520B64B7000C1A65E /* ieee754.h */ = {isa = PBXFileReference; explicitFileType = sourcecode.cpp.h; fileEncoding = 4; path = ieee754.h; sourceTree = "<group>"; };
		B3CF265620B64B7000C1A65E /* strtod.h */ = {isa = PBXFileReference; explicitFileType = sourcecode.cpp.h; fileEncoding = 4; path = strtod.h; sourceTree = "<group>"; };
		B3CF265720B64B7000C1A65E /* swap.h */ = {isa = PBXFileReference; explicitFileType = sourcecode.cpp.h; fileEncoding = 4; path = swap.h; sourceTree = "<group>"; };
		B3CF265820B64B7000C1A65E /* regex.h */ = {isa = PBXFileReference; explicitFileType = sourcecode.cpp.h; fileEncoding = 4; path = regex.h; sourceTree = "<group>"; };
		B3CF265920B64B7000C1A65E /* diyfp.h */ = {isa = PBXFileReference; explicitFileType = sourcecode.cpp.h; fileEncoding = 4; path = diyfp.h; sourceTree = "<group>"; };
		B3CF265A20B64B7000C1A65E /* biginteger.h */ = {isa = PBXFileReference; explicitFileType = sourcecode.cpp.h; fileEncoding = 4; path = biginteger.h; sourceTree = "<group>"; };
		B3CF265B20B64B7000C1A65E /* strfunc.h */ = {isa = PBXFileReference; explicitFileType = sourcecode.cpp.h; fileEncoding = 4; path = strfunc.h; sourceTree = "<group>"; };
		B3CF265C20B64B7000C1A65E /* itoa.h */ = {isa = PBXFileReference; explicitFileType = sourcecode.cpp.h; fileEncoding = 4; path = itoa.h; sourceTree = "<group>"; };
		B3CF265D20B64B7000C1A65E /* stack.h */ = {isa = PBXFileReference; explicitFileType = sourcecode.cpp.h; fileEncoding = 4; path = stack.h; sourceTree = "<group>"; };
		B3CF265E20B64B7000C1A65E /* dtoa.h */ = {isa = PBXFileReference; explicitFileType = sourcecode.cpp.h; fileEncoding = 4; path = dtoa.h; sourceTree = "<group>"; };
		B3CF265F20B64B7000C1A65E /* meta.h */ = {isa = PBXFileReference; explicitFileType = sourcecode.cpp.h; fileEncoding = 4; path = meta.h; sourceTree = "<group>"; };
		B3CF266020B64B7000C1A65E /* pow10.h */ = {isa = PBXFileReference; explicitFileType = sourcecode.cpp.h; fileEncoding = 4; path = pow10.h; sourceTree = "<group>"; };
		B3CF266120B64B7000C1A65E /* encodings.h */ = {isa = PBXFileReference; explicitFileType = sourcecode.cpp.h; fileEncoding = 4; path = encodings.h; sourceTree = "<group>"; };
		B3CF266220B64B7000C1A65E /* schema.h */ = {isa = PBXFileReference; explicitFileType = sourcecode.cpp.h; fileEncoding = 4; path = schema.h; sourceTree = "<group>"; };
		B3CF266320B64B7000C1A65E /* stream.h */ = {isa = PBXFileReference; explicitFileType = sourcecode.cpp.h; fileEncoding = 4; path = stream.h; sourceTree = "<group>"; };
		B3CF266420B64B7000C1A65E /* filewritestream.h */ = {isa = PBXFileReference; explicitFileType = sourcecode.cpp.h; fileEncoding = 4; path = filewritestream.h; sourceTree = "<group>"; };
		B3CF266520B64B7000C1A65E /* rapidjson.h */ = {isa = PBXFileReference; explicitFileType = sourcecode.cpp.h; fileEncoding = 4; path = rapidjson.h; sourceTree = "<group>"; };
		B3CF266620B64B7000C1A65E /* document.h */ = {isa = PBXFileReference; explicitFileType = sourcecode.cpp.h; fileEncoding = 4; path = document.h; sourceTree = "<group>"; };
		B3CF266720B64B7000C1A65E /* allocators.h */ = {isa = PBXFileReference; explicitFileType = sourcecode.cpp.h; fileEncoding = 4; path = allocators.h; sourceTree = "<group>"; };
		B3CF266820B64B7000C1A65E /* writer.h */ = {isa = PBXFileReference; explicitFileType = sourcecode.cpp.h; fileEncoding = 4; path = writer.h; sourceTree = "<group>"; };
		B3CF266A20B64B7000C1A65E /* error.h */ = {isa = PBXFileReference; explicitFileType = sourcecode.cpp.h; fileEncoding = 4; path = error.h; sourceTree = "<group>"; };
		B3CF266B20B64B7000C1A65E /* en.h */ = {isa = PBXFileReference; explicitFileType = sourcecode.cpp.h; fileEncoding = 4; path = en.h; sourceTree = "<group>"; };
		B3CF266C20B64B7000C1A65E /* memorybuffer.h */ = {isa = PBXFileReference; explicitFileType = sourcecode.cpp.h; fileEncoding = 4; path = memorybuffer.h; sourceTree = "<group>"; };
		B3CF266D20B64B7000C1A65E /* pointer.h */ = {isa = PBXFileReference; explicitFileType = sourcecode.cpp.h; fileEncoding = 4; path = pointer.h; sourceTree = "<group>"; };
		B3CF266F20B64B7000C1A65E /* inttypes.h */ = {isa = PBXFileReference; explicitFileType = sourcecode.cpp.h; fileEncoding = 4; path = inttypes.h; sourceTree = "<group>"; };
		B3CF267020B64B7000C1A65E /* stdint.h */ = {isa = PBXFileReference; explicitFileType = sourcecode.cpp.h; fileEncoding = 4; path = stdint.h; sourceTree = "<group>"; };
		B3D559F22178E6DC00FEF2F2 /* FFOEnabler.h */ = {isa = PBXFileReference; lastKnownFileType = sourcecode.c.h; path = FFOEnabler.h; sourceTree = "<group>"; };
		B3D559F32178E76F00FEF2F2 /* Prefix.pch */ = {isa = PBXFileReference; lastKnownFileType = sourcecode.c.h; path = Prefix.pch; sourceTree = "<group>"; };
		B3D753B72089249A0090C3E2 /* rust_bindings.h */ = {isa = PBXFileReference; lastKnownFileType = sourcecode.c.h; path = rust_bindings.h; sourceTree = SOURCE_ROOT; };
		B3F73C40207C383300E11E2D /* fishhook.c */ = {isa = PBXFileReference; fileEncoding = 4; lastKnownFileType = sourcecode.c.c; path = fishhook.c; sourceTree = "<group>"; };
		B3F73C42207C383700E11E2D /* fishhook.h */ = {isa = PBXFileReference; lastKnownFileType = sourcecode.c.h; path = fishhook.h; sourceTree = "<group>"; };
		B3F73C44207C403D00E11E2D /* ARKit.framework */ = {isa = PBXFileReference; lastKnownFileType = wrapper.framework; name = ARKit.framework; path = System/Library/Frameworks/ARKit.framework; sourceTree = SDKROOT; };
		B3F73C45207C403D00E11E2D /* Intents.framework */ = {isa = PBXFileReference; lastKnownFileType = wrapper.framework; name = Intents.framework; path = System/Library/Frameworks/Intents.framework; sourceTree = SDKROOT; };
		B3F73C46207C403D00E11E2D /* ExternalAccessory.framework */ = {isa = PBXFileReference; lastKnownFileType = wrapper.framework; name = ExternalAccessory.framework; path = System/Library/Frameworks/ExternalAccessory.framework; sourceTree = SDKROOT; };
		B3F73C47207C403D00E11E2D /* CoreFoundation.framework */ = {isa = PBXFileReference; lastKnownFileType = wrapper.framework; name = CoreFoundation.framework; path = System/Library/Frameworks/CoreFoundation.framework; sourceTree = SDKROOT; };
		B3F73C48207C403D00E11E2D /* Foundation.framework */ = {isa = PBXFileReference; lastKnownFileType = wrapper.framework; name = Foundation.framework; path = System/Library/Frameworks/Foundation.framework; sourceTree = SDKROOT; };
		B3F73C49207C403D00E11E2D /* HealthKit.framework */ = {isa = PBXFileReference; lastKnownFileType = wrapper.framework; name = HealthKit.framework; path = System/Library/Frameworks/HealthKit.framework; sourceTree = SDKROOT; };
		B3F73C4A207C403D00E11E2D /* HealthKitUI.framework */ = {isa = PBXFileReference; lastKnownFileType = wrapper.framework; name = HealthKitUI.framework; path = System/Library/Frameworks/HealthKitUI.framework; sourceTree = SDKROOT; };
		B3F73C4B207C403D00E11E2D /* GameKit.framework */ = {isa = PBXFileReference; lastKnownFileType = wrapper.framework; name = GameKit.framework; path = System/Library/Frameworks/GameKit.framework; sourceTree = SDKROOT; };
		B3F73C4C207C403D00E11E2D /* CoreNFC.framework */ = {isa = PBXFileReference; lastKnownFileType = wrapper.framework; name = CoreNFC.framework; path = System/Library/Frameworks/CoreNFC.framework; sourceTree = SDKROOT; };
		B3F73C4D207C403D00E11E2D /* CoreBluetooth.framework */ = {isa = PBXFileReference; lastKnownFileType = wrapper.framework; name = CoreBluetooth.framework; path = System/Library/Frameworks/CoreBluetooth.framework; sourceTree = SDKROOT; };
		B3F73C4E207C403D00E11E2D /* IntentsUI.framework */ = {isa = PBXFileReference; lastKnownFileType = wrapper.framework; name = IntentsUI.framework; path = System/Library/Frameworks/IntentsUI.framework; sourceTree = SDKROOT; };
		B3F73C4F207C403D00E11E2D /* AudioToolbox.framework */ = {isa = PBXFileReference; lastKnownFileType = wrapper.framework; name = AudioToolbox.framework; path = System/Library/Frameworks/AudioToolbox.framework; sourceTree = SDKROOT; };
		B3F73C50207C403D00E11E2D /* CloudKit.framework */ = {isa = PBXFileReference; lastKnownFileType = wrapper.framework; name = CloudKit.framework; path = System/Library/Frameworks/CloudKit.framework; sourceTree = SDKROOT; };
		B3F73C51207C403D00E11E2D /* GameplayKit.framework */ = {isa = PBXFileReference; lastKnownFileType = wrapper.framework; name = GameplayKit.framework; path = System/Library/Frameworks/GameplayKit.framework; sourceTree = SDKROOT; };
		B3F73C52207C403E00E11E2D /* Accounts.framework */ = {isa = PBXFileReference; lastKnownFileType = wrapper.framework; name = Accounts.framework; path = System/Library/Frameworks/Accounts.framework; sourceTree = SDKROOT; };
		B3F73C53207C403E00E11E2D /* CoreAudioKit.framework */ = {isa = PBXFileReference; lastKnownFileType = wrapper.framework; name = CoreAudioKit.framework; path = System/Library/Frameworks/CoreAudioKit.framework; sourceTree = SDKROOT; };
		B3F73C54207C403E00E11E2D /* CoreGraphics.framework */ = {isa = PBXFileReference; lastKnownFileType = wrapper.framework; name = CoreGraphics.framework; path = System/Library/Frameworks/CoreGraphics.framework; sourceTree = SDKROOT; };
		B3F73C55207C403E00E11E2D /* CallKit.framework */ = {isa = PBXFileReference; lastKnownFileType = wrapper.framework; name = CallKit.framework; path = System/Library/Frameworks/CallKit.framework; sourceTree = SDKROOT; };
		B3F73C56207C403E00E11E2D /* ContactsUI.framework */ = {isa = PBXFileReference; lastKnownFileType = wrapper.framework; name = ContactsUI.framework; path = System/Library/Frameworks/ContactsUI.framework; sourceTree = SDKROOT; };
		B3F73C57207C403E00E11E2D /* CoreMedia.framework */ = {isa = PBXFileReference; lastKnownFileType = wrapper.framework; name = CoreMedia.framework; path = System/Library/Frameworks/CoreMedia.framework; sourceTree = SDKROOT; };
		B3F73C58207C403E00E11E2D /* iAd.framework */ = {isa = PBXFileReference; lastKnownFileType = wrapper.framework; name = iAd.framework; path = System/Library/Frameworks/iAd.framework; sourceTree = SDKROOT; };
		B3F73C59207C403E00E11E2D /* AVKit.framework */ = {isa = PBXFileReference; lastKnownFileType = wrapper.framework; name = AVKit.framework; path = System/Library/Frameworks/AVKit.framework; sourceTree = SDKROOT; };
		B3F73C5A207C403E00E11E2D /* GLKit.framework */ = {isa = PBXFileReference; lastKnownFileType = wrapper.framework; name = GLKit.framework; path = System/Library/Frameworks/GLKit.framework; sourceTree = SDKROOT; };
		B3F73C5B207C403E00E11E2D /* CoreMotion.framework */ = {isa = PBXFileReference; lastKnownFileType = wrapper.framework; name = CoreMotion.framework; path = System/Library/Frameworks/CoreMotion.framework; sourceTree = SDKROOT; };
		B3F73C5C207C403E00E11E2D /* AVFoundation.framework */ = {isa = PBXFileReference; lastKnownFileType = wrapper.framework; name = AVFoundation.framework; path = System/Library/Frameworks/AVFoundation.framework; sourceTree = SDKROOT; };
		B3F73C5D207C403E00E11E2D /* AssetsLibrary.framework */ = {isa = PBXFileReference; lastKnownFileType = wrapper.framework; name = AssetsLibrary.framework; path = System/Library/Frameworks/AssetsLibrary.framework; sourceTree = SDKROOT; };
		B3F73C5E207C403E00E11E2D /* CoreVideo.framework */ = {isa = PBXFileReference; lastKnownFileType = wrapper.framework; name = CoreVideo.framework; path = System/Library/Frameworks/CoreVideo.framework; sourceTree = SDKROOT; };
		B3F73C5F207C403E00E11E2D /* DeviceCheck.framework */ = {isa = PBXFileReference; lastKnownFileType = wrapper.framework; name = DeviceCheck.framework; path = System/Library/Frameworks/DeviceCheck.framework; sourceTree = SDKROOT; };
		B3F73C60207C403E00E11E2D /* AddressBook.framework */ = {isa = PBXFileReference; lastKnownFileType = wrapper.framework; name = AddressBook.framework; path = System/Library/Frameworks/AddressBook.framework; sourceTree = SDKROOT; };
		B3F73C61207C403E00E11E2D /* AddressBookUI.framework */ = {isa = PBXFileReference; lastKnownFileType = wrapper.framework; name = AddressBookUI.framework; path = System/Library/Frameworks/AddressBookUI.framework; sourceTree = SDKROOT; };
		B3F73C62207C403E00E11E2D /* CFNetwork.framework */ = {isa = PBXFileReference; lastKnownFileType = wrapper.framework; name = CFNetwork.framework; path = System/Library/Frameworks/CFNetwork.framework; sourceTree = SDKROOT; };
		B3F73C63207C403E00E11E2D /* EventKitUI.framework */ = {isa = PBXFileReference; lastKnownFileType = wrapper.framework; name = EventKitUI.framework; path = System/Library/Frameworks/EventKitUI.framework; sourceTree = SDKROOT; };
		B3F73C64207C403E00E11E2D /* HomeKit.framework */ = {isa = PBXFileReference; lastKnownFileType = wrapper.framework; name = HomeKit.framework; path = System/Library/Frameworks/HomeKit.framework; sourceTree = SDKROOT; };
		B3F73C65207C403F00E11E2D /* CoreAudio.framework */ = {isa = PBXFileReference; lastKnownFileType = wrapper.framework; name = CoreAudio.framework; path = System/Library/Frameworks/CoreAudio.framework; sourceTree = SDKROOT; };
		B3F73C66207C403F00E11E2D /* GameController.framework */ = {isa = PBXFileReference; lastKnownFileType = wrapper.framework; name = GameController.framework; path = System/Library/Frameworks/GameController.framework; sourceTree = SDKROOT; };
		B3F73C67207C403F00E11E2D /* CoreSpotlight.framework */ = {isa = PBXFileReference; lastKnownFileType = wrapper.framework; name = CoreSpotlight.framework; path = System/Library/Frameworks/CoreSpotlight.framework; sourceTree = SDKROOT; };
		B3F73C68207C403F00E11E2D /* FileProviderUI.framework */ = {isa = PBXFileReference; lastKnownFileType = wrapper.framework; name = FileProviderUI.framework; path = System/Library/Frameworks/FileProviderUI.framework; sourceTree = SDKROOT; };
		B3F73C69207C403F00E11E2D /* CarrierBundleUtilities.tbd */ = {isa = PBXFileReference; lastKnownFileType = "sourcecode.text-based-dylib-definition"; name = CarrierBundleUtilities.tbd; path = usr/lib/CarrierBundleUtilities.tbd; sourceTree = SDKROOT; };
		B3F73C6A207C403F00E11E2D /* Contacts.framework */ = {isa = PBXFileReference; lastKnownFileType = wrapper.framework; name = Contacts.framework; path = System/Library/Frameworks/Contacts.framework; sourceTree = SDKROOT; };
		B3F73C6B207C403F00E11E2D /* CoreML.framework */ = {isa = PBXFileReference; lastKnownFileType = wrapper.framework; name = CoreML.framework; path = System/Library/Frameworks/CoreML.framework; sourceTree = SDKROOT; };
		B3F73C6C207C403F00E11E2D /* CoreMIDI.framework */ = {isa = PBXFileReference; lastKnownFileType = wrapper.framework; name = CoreMIDI.framework; path = System/Library/Frameworks/CoreMIDI.framework; sourceTree = SDKROOT; };
		B3F73C6D207C403F00E11E2D /* CoreTelephony.framework */ = {isa = PBXFileReference; lastKnownFileType = wrapper.framework; name = CoreTelephony.framework; path = System/Library/Frameworks/CoreTelephony.framework; sourceTree = SDKROOT; };
		B3F73C6E207C403F00E11E2D /* CoreData.framework */ = {isa = PBXFileReference; lastKnownFileType = wrapper.framework; name = CoreData.framework; path = System/Library/Frameworks/CoreData.framework; sourceTree = SDKROOT; };
		B3F73C6F207C403F00E11E2D /* FileProvider.framework */ = {isa = PBXFileReference; lastKnownFileType = wrapper.framework; name = FileProvider.framework; path = System/Library/Frameworks/FileProvider.framework; sourceTree = SDKROOT; };
		B3F73C70207C403F00E11E2D /* EventKit.framework */ = {isa = PBXFileReference; lastKnownFileType = wrapper.framework; name = EventKit.framework; path = System/Library/Frameworks/EventKit.framework; sourceTree = SDKROOT; };
		B3F73C71207C403F00E11E2D /* GSS.framework */ = {isa = PBXFileReference; lastKnownFileType = wrapper.framework; name = GSS.framework; path = System/Library/Frameworks/GSS.framework; sourceTree = SDKROOT; };
		B3F73C72207C403F00E11E2D /* AudioUnit.framework */ = {isa = PBXFileReference; lastKnownFileType = wrapper.framework; name = AudioUnit.framework; path = System/Library/Frameworks/AudioUnit.framework; sourceTree = SDKROOT; };
		B3F73C73207C403F00E11E2D /* IdentityLookup.framework */ = {isa = PBXFileReference; lastKnownFileType = wrapper.framework; name = IdentityLookup.framework; path = System/Library/Frameworks/IdentityLookup.framework; sourceTree = SDKROOT; };
		B3F73C74207C403F00E11E2D /* CoreLocation.framework */ = {isa = PBXFileReference; lastKnownFileType = wrapper.framework; name = CoreLocation.framework; path = System/Library/Frameworks/CoreLocation.framework; sourceTree = SDKROOT; };
		B3F73C75207C403F00E11E2D /* CoreImage.framework */ = {isa = PBXFileReference; lastKnownFileType = wrapper.framework; name = CoreImage.framework; path = System/Library/Frameworks/CoreImage.framework; sourceTree = SDKROOT; };
		B3F73C76207C403F00E11E2D /* ImageIO.framework */ = {isa = PBXFileReference; lastKnownFileType = wrapper.framework; name = ImageIO.framework; path = System/Library/Frameworks/ImageIO.framework; sourceTree = SDKROOT; };
		B3F73C77207C403F00E11E2D /* CoreText.framework */ = {isa = PBXFileReference; lastKnownFileType = wrapper.framework; name = CoreText.framework; path = System/Library/Frameworks/CoreText.framework; sourceTree = SDKROOT; };
		B3F73C78207C403F00E11E2D /* AdSupport.framework */ = {isa = PBXFileReference; lastKnownFileType = wrapper.framework; name = AdSupport.framework; path = System/Library/Frameworks/AdSupport.framework; sourceTree = SDKROOT; };
/* End PBXFileReference section */

/* Begin PBXFrameworksBuildPhase section */
		B3983915217A385100721475 /* Frameworks */ = {
			isa = PBXFrameworksBuildPhase;
			buildActionMask = 2147483647;
			files = (
				B31402762189129A004200D3 /* framez.framework in Frameworks */,
				B389A6CD2195E88C00407428 /* libprocInfo.a in Frameworks */,
			);
			runOnlyForDeploymentPostprocessing = 0;
		};
/* End PBXFrameworksBuildPhase section */

/* Begin PBXGroup section */
		B3486AAC20AE640000C7291B /* OptimizationProfiles */ = {
			isa = PBXGroup;
			children = (
				B3486AAD20AE640000C7291B /* FastFoundation.profdata */,
			);
			path = OptimizationProfiles;
			sourceTree = "<group>";
		};
		B389A6CE2195E8D200407428 /* procInfo */ = {
			isa = PBXGroup;
			children = (
				B389A6D22195E8DB00407428 /* Binary.m */,
				B389A6D12195E8DB00407428 /* Consts.h */,
				B389A6D72195E8DC00407428 /* Process.m */,
				B389A6D02195E8DB00407428 /* ProcessMonitor.m */,
				B389A6CF2195E8DB00407428 /* Signing.h */,
				B389A6D42195E8DB00407428 /* Signing.m */,
				B389A6D62195E8DB00407428 /* Utilities.h */,
				B389A6D52195E8DB00407428 /* Utilities.m */,
			);
			path = procInfo;
			sourceTree = "<group>";
		};
		B38C42031E8E001700033ACD = {
			isa = PBXGroup;
			children = (
				B389A6DD2195E94100407428 /* libbsm2.h */,
				B389A6CE2195E8D200407428 /* procInfo */,
				B31402752189129A004200D3 /* framez.framework */,
				B3D559F32178E76F00FEF2F2 /* Prefix.pch */,
				B3D559F22178E6DC00FEF2F2 /* FFOEnabler.h */,
				B3B954F521363608001B5B93 /* FFOJemallocAllocator.h */,
				B3B954F621363608001B5B93 /* FFOJemallocAllocator.mm */,
				B3B954F02135D4D3001B5B93 /* FFOThreadLocalMemory.h */,
				B3B954F12135D4D3001B5B93 /* FFOThreadLocalMemory.m */,
				B38C420E1E8E001700033ACD /* FastFoundation */,
				B38C420D1E8E001700033ACD /* Products */,
				B3F73C43207C403C00E11E2D /* Frameworks */,
				B3486AAC20AE640000C7291B /* OptimizationProfiles */,
			);
			sourceTree = "<group>";
		};
		B38C420D1E8E001700033ACD /* Products */ = {
			isa = PBXGroup;
			children = (
				B38C420C1E8E001700033ACD /* FastFoundation.app */,
			);
			name = Products;
			sourceTree = "<group>";
		};
		B38C420E1E8E001700033ACD /* FastFoundation */ = {
			isa = PBXGroup;
			children = (
				B38C421B1E8E001700033ACD /* Assets.xcassets */,
				B30A194520AD37A00073CFB8 /* citm_catalog.json */,
				B301A38F20BCC1CE00AF3378 /* twitter.json */,
				B301A38D20B8BD7700AF3378 /* FFOEnvironment.h */,
				B301A38E20B8CB0700AF3378 /* FFONumberParser.h */,
				B3AF43D0217F5C74002DF023 /* libjemalloc_pic.a */,
				B3B954EF2135CE7F001B5B93 /* jemalloc.h */,
				B3B954D62135AAE9001B5B93 /* rusty.a */,
				B3C0BBA420B5F062006CCEF3 /* ConvertUTF.c */,
				B3C0BBA620B5F0A3006CCEF3 /* ConvertUTF.h */,
				B38C42121E8E001700033ACD /* FFOAppDelegate.h */,
				B389A6C92195E7AB00407428 /* procInfo2.h */,
				B38C42131E8E001700033ACD /* FFOAppDelegate.m */,
				B3C0BBA220B53607006CCEF3 /* FFOArray.h */,
				B32879F11E8E1625007E49B7 /* FFODateFormatter.h */,
				B389A6CB2195E7B500407428 /* libprocInfo.a */,
				B32879F21E8E1625007E49B7 /* FFODateFormatter.m */,
				B3C0BBA320B5362F006CCEF3 /* FFODefines.h */,
				B38C01F720B651B7002D4613 /* FFOJsonParser.h */,
				B38C01F820B651B7002D4613 /* FFOJsonParser.m */,
				B38C01FA20B65275002D4613 /* FFOJsonTester.h */,
				B38C01F520B65183002D4613 /* FFOJsonTester.m */,
				B3178BCE20B64EE500E3076A /* FFOJsonTestTypes.h */,
				B3178BCC20B64C9400E3076A /* FFORapidJsonTester.cpp */,
				B3CF262020B64A1300C1A65E /* FFORapidJsonTester.h */,
				B3CF25F320B63DA400C1A65E /* FFOString.h */,
				B38C42151E8E001700033ACD /* FFOViewController.h */,
				B38C42161E8E001700033ACD /* FFOViewController.mm */,
				B3F73C40207C383300E11E2D /* fishhook.c */,
				B3F73C42207C383700E11E2D /* fishhook.h */,
				B38C42201E8E001700033ACD /* Info.plist */,
				B3CF25F420B6486200C1A65E /* j1.json */,
				B3CF25F620B6486800C1A65E /* j2.json */,
				B38C42281E8E025200033ACD /* Launch.xib */,
				B38586D91EEE46BD00496750 /* NSArrayFFOMethods.h */,
				B38586DA1EEE46BD00496750 /* NSArrayFFOMethods.m */,
				B38C422A1E8E029100033ACD /* NSString+FFOMethods.h */,
				B38C422B1E8E029100033ACD /* NSString+FFOMethods.m */,
				B38586DC1EEE48BA00496750 /* pcg_basic.c */,
				B38586DD1EEE48BA00496750 /* pcg_basic.h */,
				B3405E7B2139DCA600F8723A /* constructo.c */,
				B3CF264920B64B7000C1A65E /* rapidjson */,
				B3D753B72089249A0090C3E2 /* rust_bindings.h */,
				B38C420F1E8E001700033ACD /* Supporting Files */,
				B314023A2188B32A004200D3 /* libproc.h */,
				B314023D2188B5D1004200D3 /* route.h */,
				B314023B2188B539004200D3 /* proc_info.h */,
				B314023C2188B5A2004200D3 /* kern_control.h */,
			);
			path = FastFoundation;
			sourceTree = "<group>";
		};
		B38C420F1E8E001700033ACD /* Supporting Files */ = {
			isa = PBXGroup;
			children = (
				B38C42101E8E001700033ACD /* main.m */,
			);
			name = "Supporting Files";
			sourceTree = "<group>";
		};
		B3CF264920B64B7000C1A65E /* rapidjson */ = {
			isa = PBXGroup;
			children = (
				B3CF264A20B64B7000C1A65E /* fwd.h */,
				B3CF264B20B64B7000C1A65E /* memorystream.h */,
				B3CF264C20B64B7000C1A65E /* reader.h */,
				B3CF264D20B64B7000C1A65E /* prettywriter.h */,
				B3CF264E20B64B7000C1A65E /* ostreamwrapper.h */,
				B3CF264F20B64B7000C1A65E /* encodedstream.h */,
				B3CF265020B64B7000C1A65E /* filereadstream.h */,
				B3CF265120B64B7000C1A65E /* cursorstreamwrapper.h */,
				B3CF265220B64B7000C1A65E /* istreamwrapper.h */,
				B3CF265320B64B7000C1A65E /* stringbuffer.h */,
				B3CF265420B64B7000C1A65E /* internal */,
				B3CF266120B64B7000C1A65E /* encodings.h */,
				B3CF266220B64B7000C1A65E /* schema.h */,
				B3CF266320B64B7000C1A65E /* stream.h */,
				B3CF266420B64B7000C1A65E /* filewritestream.h */,
				B3CF266520B64B7000C1A65E /* rapidjson.h */,
				B3CF266620B64B7000C1A65E /* document.h */,
				B3CF266720B64B7000C1A65E /* allocators.h */,
				B3CF266820B64B7000C1A65E /* writer.h */,
				B3CF266920B64B7000C1A65E /* error */,
				B3CF266C20B64B7000C1A65E /* memorybuffer.h */,
				B3CF266D20B64B7000C1A65E /* pointer.h */,
				B3CF266E20B64B7000C1A65E /* msinttypes */,
			);
			name = rapidjson;
			path = ../../rapidjson/include/rapidjson;
			sourceTree = "<group>";
		};
		B3CF265420B64B7000C1A65E /* internal */ = {
			isa = PBXGroup;
			children = (
				B3CF265520B64B7000C1A65E /* ieee754.h */,
				B3CF265620B64B7000C1A65E /* strtod.h */,
				B3CF265720B64B7000C1A65E /* swap.h */,
				B3CF265820B64B7000C1A65E /* regex.h */,
				B3CF265920B64B7000C1A65E /* diyfp.h */,
				B3CF265A20B64B7000C1A65E /* biginteger.h */,
				B3CF265B20B64B7000C1A65E /* strfunc.h */,
				B3CF265C20B64B7000C1A65E /* itoa.h */,
				B3CF265D20B64B7000C1A65E /* stack.h */,
				B3CF265E20B64B7000C1A65E /* dtoa.h */,
				B3CF265F20B64B7000C1A65E /* meta.h */,
				B3CF266020B64B7000C1A65E /* pow10.h */,
			);
			path = internal;
			sourceTree = "<group>";
		};
		B3CF266920B64B7000C1A65E /* error */ = {
			isa = PBXGroup;
			children = (
				B3CF266A20B64B7000C1A65E /* error.h */,
				B3CF266B20B64B7000C1A65E /* en.h */,
			);
			path = error;
			sourceTree = "<group>";
		};
		B3CF266E20B64B7000C1A65E /* msinttypes */ = {
			isa = PBXGroup;
			children = (
				B3CF266F20B64B7000C1A65E /* inttypes.h */,
				B3CF267020B64B7000C1A65E /* stdint.h */,
			);
			path = msinttypes;
			sourceTree = "<group>";
		};
		B3F73C43207C403C00E11E2D /* Frameworks */ = {
			isa = PBXGroup;
			children = (
				B3B954F32135F24D001B5B93 /* libicucore.tbd */,
				B3F73C52207C403E00E11E2D /* Accounts.framework */,
				B3F73C60207C403E00E11E2D /* AddressBook.framework */,
				B3F73C61207C403E00E11E2D /* AddressBookUI.framework */,
				B3F73C78207C403F00E11E2D /* AdSupport.framework */,
				B3F73C44207C403D00E11E2D /* ARKit.framework */,
				B32126AD213ECDB2007929FA /* libicuXcode.a */,
				B3F73C5D207C403E00E11E2D /* AssetsLibrary.framework */,
				B3F73C4F207C403D00E11E2D /* AudioToolbox.framework */,
				B3F73C72207C403F00E11E2D /* AudioUnit.framework */,
				B3F73C5C207C403E00E11E2D /* AVFoundation.framework */,
				B3F73C59207C403E00E11E2D /* AVKit.framework */,
				B3F73C55207C403E00E11E2D /* CallKit.framework */,
				B3F73C69207C403F00E11E2D /* CarrierBundleUtilities.tbd */,
				B3F73C62207C403E00E11E2D /* CFNetwork.framework */,
				B3F73C50207C403D00E11E2D /* CloudKit.framework */,
				B3F73C6A207C403F00E11E2D /* Contacts.framework */,
				B3F73C56207C403E00E11E2D /* ContactsUI.framework */,
				B3F73C65207C403F00E11E2D /* CoreAudio.framework */,
				B3F73C53207C403E00E11E2D /* CoreAudioKit.framework */,
				B3F73C4D207C403D00E11E2D /* CoreBluetooth.framework */,
				B3F73C6E207C403F00E11E2D /* CoreData.framework */,
				B3F73C47207C403D00E11E2D /* CoreFoundation.framework */,
				B3F73C54207C403E00E11E2D /* CoreGraphics.framework */,
				B3F73C75207C403F00E11E2D /* CoreImage.framework */,
				B3F73C74207C403F00E11E2D /* CoreLocation.framework */,
				B3F73C57207C403E00E11E2D /* CoreMedia.framework */,
				B3F73C6C207C403F00E11E2D /* CoreMIDI.framework */,
				B3F73C6B207C403F00E11E2D /* CoreML.framework */,
				B3F73C5B207C403E00E11E2D /* CoreMotion.framework */,
				B3F73C4C207C403D00E11E2D /* CoreNFC.framework */,
				B3F73C67207C403F00E11E2D /* CoreSpotlight.framework */,
				B3F73C6D207C403F00E11E2D /* CoreTelephony.framework */,
				B3F73C77207C403F00E11E2D /* CoreText.framework */,
				B3F73C5E207C403E00E11E2D /* CoreVideo.framework */,
				B3F73C5F207C403E00E11E2D /* DeviceCheck.framework */,
				B3F73C70207C403F00E11E2D /* EventKit.framework */,
				B3F73C63207C403E00E11E2D /* EventKitUI.framework */,
				B3F73C46207C403D00E11E2D /* ExternalAccessory.framework */,
				B3F73C6F207C403F00E11E2D /* FileProvider.framework */,
				B3F73C68207C403F00E11E2D /* FileProviderUI.framework */,
				B3F73C48207C403D00E11E2D /* Foundation.framework */,
				B3F73C66207C403F00E11E2D /* GameController.framework */,
				B3F73C4B207C403D00E11E2D /* GameKit.framework */,
				B3F73C51207C403D00E11E2D /* GameplayKit.framework */,
				B3F73C5A207C403E00E11E2D /* GLKit.framework */,
				B3F73C71207C403F00E11E2D /* GSS.framework */,
				B3F73C49207C403D00E11E2D /* HealthKit.framework */,
				B3F73C4A207C403D00E11E2D /* HealthKitUI.framework */,
				B3F73C64207C403E00E11E2D /* HomeKit.framework */,
				B3F73C58207C403E00E11E2D /* iAd.framework */,
				B3F73C73207C403F00E11E2D /* IdentityLookup.framework */,
				B3F73C76207C403F00E11E2D /* ImageIO.framework */,
				B3F73C45207C403D00E11E2D /* Intents.framework */,
				B3F73C4E207C403D00E11E2D /* IntentsUI.framework */,
			);
			name = Frameworks;
			sourceTree = "<group>";
		};
/* End PBXGroup section */

/* Begin PBXNativeTarget section */
		B38C420B1E8E001700033ACD /* FastFoundation */ = {
			isa = PBXNativeTarget;
			buildConfigurationList = B38C42231E8E001700033ACD /* Build configuration list for PBXNativeTarget "FastFoundation" */;
			buildPhases = (
				B38C42081E8E001700033ACD /* Sources */,
				B3983915217A385100721475 /* Frameworks */,
				B38C420A1E8E001700033ACD /* Resources */,
				B3969499218252AC008FB636 /* Embed Libraries */,
			);
			buildRules = (
			);
			dependencies = (
			);
			name = FastFoundation;
			productName = FastFoundation;
			productReference = B38C420C1E8E001700033ACD /* FastFoundation.app */;
			productType = "com.apple.product-type.application";
		};
/* End PBXNativeTarget section */

/* Begin PBXProject section */
		B38C42041E8E001700033ACD /* Project object */ = {
			isa = PBXProject;
			attributes = {
				LastUpgradeCheck = 0820;
				ORGANIZATIONNAME = "Michael Eisel";
				TargetAttributes = {
					B38C420B1E8E001700033ACD = {
						CreatedOnToolsVersion = 8.2.1;
						DevelopmentTeam = LE4EC4296K;
						ProvisioningStyle = Automatic;
						SystemCapabilities = {
							com.apple.BackgroundModes = {
								enabled = 1;
							};
						};
					};
				};
			};
			buildConfigurationList = B38C42071E8E001700033ACD /* Build configuration list for PBXProject "FastFoundation" */;
			compatibilityVersion = "Xcode 3.2";
			developmentRegion = English;
			hasScannedForEncodings = 0;
			knownRegions = (
				en,
				Base,
			);
			mainGroup = B38C42031E8E001700033ACD;
			productRefGroup = B38C420D1E8E001700033ACD /* Products */;
			projectDirPath = "";
			projectRoot = "";
			targets = (
				B38C420B1E8E001700033ACD /* FastFoundation */,
			);
		};
/* End PBXProject section */

/* Begin PBXResourcesBuildPhase section */
		B38C420A1E8E001700033ACD /* Resources */ = {
			isa = PBXResourcesBuildPhase;
			buildActionMask = 2147483647;
			files = (
				B3CF25F720B6486800C1A65E /* j2.json in Resources */,
				B38C42291E8E025200033ACD /* Launch.xib in Resources */,
				B30A194620AD37A00073CFB8 /* citm_catalog.json in Resources */,
				B3CF25F520B6486300C1A65E /* j1.json in Resources */,
				B389A6CA2195E7AB00407428 /* procInfo2.h in Resources */,
				B38C421C1E8E001700033ACD /* Assets.xcassets in Resources */,
				B301A39020BCC1CF00AF3378 /* twitter.json in Resources */,
			);
			runOnlyForDeploymentPostprocessing = 0;
		};
/* End PBXResourcesBuildPhase section */

/* Begin PBXSourcesBuildPhase section */
		B38C42081E8E001700033ACD /* Sources */ = {
			isa = PBXSourcesBuildPhase;
			buildActionMask = 2147483647;
			files = (
				B389A6D92195E8DC00407428 /* Binary.m in Sources */,
				B32879F31E8E1625007E49B7 /* FFODateFormatter.m in Sources */,
				B389A6DB2195E8DC00407428 /* Utilities.m in Sources */,
				B38C42171E8E001700033ACD /* FFOViewController.mm in Sources */,
				B38586DE1EEE48BA00496750 /* pcg_basic.c in Sources */,
				B38C42141E8E001700033ACD /* FFOAppDelegate.m in Sources */,
				B38586DB1EEE46BD00496750 /* NSArrayFFOMethods.m in Sources */,
				B3405E7C2139DCA700F8723A /* constructo.c in Sources */,
				B3D753B9208946A90090C3E2 /* NSString+FFOMethods.m in Sources */,
				B389A6DA2195E8DC00407428 /* Signing.m in Sources */,
				B3F73C41207C383300E11E2D /* fishhook.c in Sources */,
				B3B954F22135D4D3001B5B93 /* FFOThreadLocalMemory.m in Sources */,
				B389A6DC2195E8DC00407428 /* Process.m in Sources */,
				B389A6D82195E8DC00407428 /* ProcessMonitor.m in Sources */,
				B38C42111E8E001700033ACD /* main.m in Sources */,
				B3B954F721363608001B5B93 /* FFOJemallocAllocator.mm in Sources */,
				B3C0BBA520B5F063006CCEF3 /* ConvertUTF.c in Sources */,
			);
			runOnlyForDeploymentPostprocessing = 0;
		};
/* End PBXSourcesBuildPhase section */

/* Begin XCBuildConfiguration section */
		B38C42211E8E001700033ACD /* Debug */ = {
			isa = XCBuildConfiguration;
			buildSettings = {
				ALWAYS_SEARCH_USER_PATHS = NO;
				CLANG_ANALYZER_NONNULL = YES;
				CLANG_CXX_LANGUAGE_STANDARD = "c++17";
				CLANG_CXX_LIBRARY = "libc++";
				CLANG_ENABLE_MODULES = YES;
				CLANG_ENABLE_OBJC_ARC = NO;
				CLANG_WARN_BOOL_CONVERSION = YES;
				CLANG_WARN_CONSTANT_CONVERSION = YES;
				CLANG_WARN_DIRECT_OBJC_ISA_USAGE = YES_ERROR;
				CLANG_WARN_DOCUMENTATION_COMMENTS = YES;
				CLANG_WARN_EMPTY_BODY = YES;
				CLANG_WARN_ENUM_CONVERSION = YES;
				CLANG_WARN_INFINITE_RECURSION = YES;
				CLANG_WARN_INT_CONVERSION = YES;
				CLANG_WARN_OBJC_ROOT_CLASS = YES_ERROR;
				CLANG_WARN_SUSPICIOUS_MOVE = YES;
				CLANG_WARN_UNREACHABLE_CODE = YES;
				CLANG_WARN__DUPLICATE_METHOD_MATCH = YES;
				"CODE_SIGN_IDENTITY[sdk=iphoneos*]" = "iPhone Developer";
				COPY_PHASE_STRIP = NO;
				DEBUG_INFORMATION_FORMAT = dwarf;
				ENABLE_STRICT_OBJC_MSGSEND = YES;
				ENABLE_TESTABILITY = YES;
				GCC_C_LANGUAGE_STANDARD = c11;
				GCC_DYNAMIC_NO_PIC = NO;
				GCC_NO_COMMON_BLOCKS = YES;
				GCC_OPTIMIZATION_LEVEL = 0;
				GCC_PREPROCESSOR_DEFINITIONS = (
					"DEBUG=1",
					"$(inherited)",
				);
				GCC_WARN_64_TO_32_BIT_CONVERSION = YES;
				GCC_WARN_ABOUT_RETURN_TYPE = YES_ERROR;
				GCC_WARN_UNDECLARED_SELECTOR = YES;
				GCC_WARN_UNINITIALIZED_AUTOS = YES_AGGRESSIVE;
				GCC_WARN_UNUSED_FUNCTION = YES;
				GCC_WARN_UNUSED_VARIABLE = YES;
				IPHONEOS_DEPLOYMENT_TARGET = 10.2;
				LLVM_LTO = NO;
				MTL_ENABLE_DEBUG_INFO = YES;
				ONLY_ACTIVE_ARCH = YES;
				OTHER_LDFLAGS = (
					"-stdlib=libc++",
					"-lstdc++",
					"-Wl,-U,__dyld_all_twolevel_modules_prebound",
				);
				SDKROOT = iphoneos;
				STRIP_INSTALLED_PRODUCT = NO;
			};
			name = Debug;
		};
		B38C42221E8E001700033ACD /* Release */ = {
			isa = XCBuildConfiguration;
			buildSettings = {
				ALWAYS_SEARCH_USER_PATHS = NO;
				CLANG_ANALYZER_NONNULL = YES;
				CLANG_CXX_LANGUAGE_STANDARD = "c++17";
				CLANG_CXX_LIBRARY = "libc++";
				CLANG_ENABLE_MODULES = YES;
				CLANG_ENABLE_OBJC_ARC = NO;
				CLANG_WARN_BOOL_CONVERSION = YES;
				CLANG_WARN_CONSTANT_CONVERSION = YES;
				CLANG_WARN_DIRECT_OBJC_ISA_USAGE = YES_ERROR;
				CLANG_WARN_DOCUMENTATION_COMMENTS = YES;
				CLANG_WARN_EMPTY_BODY = YES;
				CLANG_WARN_ENUM_CONVERSION = YES;
				CLANG_WARN_INFINITE_RECURSION = YES;
				CLANG_WARN_INT_CONVERSION = YES;
				CLANG_WARN_OBJC_ROOT_CLASS = YES_ERROR;
				CLANG_WARN_SUSPICIOUS_MOVE = YES;
				CLANG_WARN_UNREACHABLE_CODE = YES;
				CLANG_WARN__DUPLICATE_METHOD_MATCH = YES;
				"CODE_SIGN_IDENTITY[sdk=iphoneos*]" = "iPhone Developer";
				COPY_PHASE_STRIP = NO;
				DEBUG_INFORMATION_FORMAT = "dwarf-with-dsym";
				ENABLE_NS_ASSERTIONS = YES;
				ENABLE_STRICT_OBJC_MSGSEND = YES;
				GCC_C_LANGUAGE_STANDARD = c11;
				GCC_NO_COMMON_BLOCKS = YES;
				GCC_OPTIMIZATION_LEVEL = s;
				GCC_WARN_64_TO_32_BIT_CONVERSION = YES;
				GCC_WARN_ABOUT_RETURN_TYPE = YES_ERROR;
				GCC_WARN_UNDECLARED_SELECTOR = YES;
				GCC_WARN_UNINITIALIZED_AUTOS = YES_AGGRESSIVE;
				GCC_WARN_UNUSED_FUNCTION = YES;
				GCC_WARN_UNUSED_VARIABLE = YES;
				IPHONEOS_DEPLOYMENT_TARGET = 10.2;
				LLVM_LTO = YES;
				MTL_ENABLE_DEBUG_INFO = NO;
				OTHER_LDFLAGS = (
					"-stdlib=libc++",
					"-lstdc++",
					"-Wl,-U,__dyld_all_twolevel_modules_prebound",
				);
				SDKROOT = iphoneos;
				VALIDATE_PRODUCT = YES;
			};
			name = Release;
		};
		B38C42241E8E001700033ACD /* Debug */ = {
			isa = XCBuildConfiguration;
			buildSettings = {
				ARCHS = arm64;
				ASSETCATALOG_COMPILER_APPICON_NAME = AppIcon;
				CLANG_USE_OPTIMIZATION_PROFILE = NO;
				DEAD_CODE_STRIPPING = NO;
				DEVELOPMENT_TEAM = LE4EC4296K;
				ENABLE_BITCODE = NO;
				FRAMEWORK_SEARCH_PATHS = "$(PROJECT_DIR)";
				GCC_PRECOMPILE_PREFIX_HEADER = YES;
				GCC_PREFIX_HEADER = "";
				INFOPLIST_FILE = FastFoundation/Info.plist;
				LD_RUNPATH_SEARCH_PATHS = "@executable_path/Frameworks";
				LIBRARY_SEARCH_PATHS = (
					"$(inherited)",
					"$(PROJECT_DIR)",
					"$(PROJECT_DIR)/rusty",
					"$(PROJECT_DIR)/FastFoundation",
				);
				OTHER_CFLAGS = "-Wno-documentation-deprecated-sync";
				PRESERVE_DEAD_CODE_INITS_AND_TERMS = YES;
				PRODUCT_BUNDLE_IDENTIFIER = com.eisel.michael.FastFoundation;
				PRODUCT_NAME = "$(TARGET_NAME)";
			};
			name = Debug;
		};
		B38C42251E8E001700033ACD /* Release */ = {
			isa = XCBuildConfiguration;
			buildSettings = {
				ARCHS = arm64;
				ASSETCATALOG_COMPILER_APPICON_NAME = AppIcon;
				CLANG_USE_OPTIMIZATION_PROFILE = NO;
				DEAD_CODE_STRIPPING = NO;
				DEVELOPMENT_TEAM = LE4EC4296K;
				ENABLE_BITCODE = NO;
				FRAMEWORK_SEARCH_PATHS = "$(PROJECT_DIR)";
				GCC_PRECOMPILE_PREFIX_HEADER = YES;
				GCC_PREFIX_HEADER = "";
				INFOPLIST_FILE = FastFoundation/Info.plist;
				LD_RUNPATH_SEARCH_PATHS = "@executable_path/Frameworks";
				LIBRARY_SEARCH_PATHS = (
					"$(inherited)",
					"$(PROJECT_DIR)",
					"$(PROJECT_DIR)/rusty",
					"$(PROJECT_DIR)/FastFoundation",
				);
				ONLY_ACTIVE_ARCH = YES;
				OTHER_CFLAGS = "-Wno-documentation-deprecated-sync";
				PRESERVE_DEAD_CODE_INITS_AND_TERMS = YES;
				PRODUCT_BUNDLE_IDENTIFIER = com.eisel.michael.FastFoundation;
				PRODUCT_NAME = "$(TARGET_NAME)";
			};
			name = Release;
		};
/* End XCBuildConfiguration section */

/* Begin XCConfigurationList section */
		B38C42071E8E001700033ACD /* Build configuration list for PBXProject "FastFoundation" */ = {
			isa = XCConfigurationList;
			buildConfigurations = (
				B38C42211E8E001700033ACD /* Debug */,
				B38C42221E8E001700033ACD /* Release */,
			);
			defaultConfigurationIsVisible = 0;
			defaultConfigurationName = Release;
		};
		B38C42231E8E001700033ACD /* Build configuration list for PBXNativeTarget "FastFoundation" */ = {
			isa = XCConfigurationList;
			buildConfigurations = (
				B38C42241E8E001700033ACD /* Debug */,
				B38C42251E8E001700033ACD /* Release */,
			);
			defaultConfigurationIsVisible = 0;
			defaultConfigurationName = Release;
		};
/* End XCConfigurationList section */
	};
	rootObject = B38C42041E8E001700033ACD /* Project object */;
}
